
Microsoft Visual Studio Solution File, Format Version 12.00
# Visual Studio Version 17
VisualStudioVersion = 17.3.32804.467
MinimumVisualStudioVersion = 10.0.40219.1
Project("{8BC9CEB8-8B4A-11D0-8D11-00A0C91BC942}") = "IconTidy", "IconTidy.vcxproj", "{630E22BE-6B57-47EC-8025-3BCDD29F8063}"
EndProject
Global
	GlobalSection(SolutionConfigurationPlatforms) = preSolution
		Debug|x64 = Debug|x64
		Debug|x86 = Debug|x86
		Release|x64 = Release|x64
		Release|x86 = Release|x86
	EndGlobalSection
	GlobalSection(ProjectConfigurationPlatforms) = postSolution
		{630E22BE-6B57-47EC-8025-3BCDD29F8063}.Debug|x64.ActiveCfg = Debug|x64
		{630E22BE-6B57-47EC-8025-3BCDD29F8063}.Debug|x64.Build.0 = Debug|x64
		{630E22BE-6B57-47EC-8025-3BCDD29F8063}.Debug|x86.ActiveCfg = Debug|Win32
		{630E22BE-6B57-47EC-8025-3BCDD29F8063}.Debug|x86.Build.0 = Debug|Win32
		{630E22BE-6B57-47EC-8025-3BCDD29F8063}.Release|x64.ActiveCfg = Release|x64
		{630E22BE-6B57-47EC-8025-3BCDD29F8063}.Release|x64.Build.0 = Release|x64
		{630E22BE-6B57-47EC-8025-3BCDD29F8063}.Release|x86.ActiveCfg = Release|Win32
		{630E22BE-6B57-47EC-8025-3BCDD29F8063}.Release|x86.Build.0 = Release|Win32
	EndGlobalSection
	GlobalSection(SolutionProperties) = preSolution
		HideSolutionNode = FALSE
	EndGlobalSection
	GlobalSection(ExtensibilityGlobals) = postSolution
		SolutionGuid = {4982F53E-67F1-4B36-8AA4-B92FDDC1E117}
	EndGlobalSection
EndGlobal
